github.com/boulingua/kit v1.7.0 h1:W1LXOH27WvhdDE22PDhILKNbNcs4s+I3b5gEVam+vPs=
github.com/boulingua/kit v1.7.0/go.mod h1:TPuFC8U8YxmCZeuCCusKG8ReGsdathn/Of0XjjDSr+w=
github.com/luizdepra/hugo-coder v0.0.0-20260305123245-3d3bbd75d7bb h1:6xwlLvtPm7I6ngACdvWM477gfGyLylG/nU9+VVSMWrQ=
github.com/luizdepra/hugo-coder v0.0.0-20260305123245-3d3bbd75d7bb/go.mod h1:9EQBf2rU+NPjlohGuKcEgdqSeOc3tIQoOty4xPpuUQ4=
